
Microsoft Visual Studio Solution File, Format Version 12.00
# Visual Studio Version 16
VisualStudioVersion = 16.0.30717.126
MinimumVisualStudioVersion = 10.0.40219.1
Project("{FAE04EC0-301F-11D3-BF4B-00C04F79EFBC}") = "gRPCOrderServer", "gRPCOrderServer\gRPCOrderServer.csproj", "{064EA3E6-48F9-4384-886C-5D15BD6287DD}"
EndProject
Global
	GlobalSection(SolutionConfigurationPlatforms) = preSolution
		Debug|Any CPU = Debug|Any CPU
		Release|Any CPU = Release|Any CPU
	EndGlobalSection
	GlobalSection(ProjectConfigurationPlatforms) = postSolution
		{064EA3E6-48F9-4384-886C-5D15BD6287DD}.Debug|Any CPU.ActiveCfg = Debug|Any CPU
		{064EA3E6-48F9-4384-886C-5D15BD6287DD}.Debug|Any CPU.Build.0 = Debug|Any CPU
		{064EA3E6-48F9-4384-886C-5D15BD6287DD}.Release|Any CPU.ActiveCfg = Release|Any CPU
		{064EA3E6-48F9-4384-886C-5D15BD6287DD}.Release|Any CPU.Build.0 = Release|Any CPU
	EndGlobalSection
	GlobalSection(SolutionProperties) = preSolution
		HideSolutionNode = FALSE
	EndGlobalSection
	GlobalSection(ExtensibilityGlobals) = postSolution
		SolutionGuid = {5A003032-E418-4BD4-A164-05F1539D17A4}
	EndGlobalSection
EndGlobal
